
Microsoft Visual Studio Solution File, Format Version 12.00
# Visual Studio Version 17
VisualStudioVersion = 17.14.36414.22 d17.14
MinimumVisualStudioVersion = 10.0.40219.1
Project("{FAE04EC0-301F-11D3-BF4B-00C04F79EFBC}") = "SimpleFunctions", "SimpleFunctions\SimpleFunctions.csproj", "{4A3DDECD-6647-43AF-B7D8-7A7F47A93126}"
EndProject
Project("{FAE04EC0-301F-11D3-BF4B-00C04F79EFBC}") = "FuctionParameters", "FuctionParameters\FuctionParameters.csproj", "{DCCD7AC8-FB39-4A79-9170-04F354CB80F9}"
EndProject
Project("{FAE04EC0-301F-11D3-BF4B-00C04F79EFBC}") = "OverloadAnOptional", "OverloadAnOptional\OverloadAnOptional.csproj", "{BEF38CB1-E0BA-400E-A3F3-57F6FDD3FA68}"
EndProject
Project("{FAE04EC0-301F-11D3-BF4B-00C04F79EFBC}") = "usingTuples", "usingTuples\usingTuples.csproj", "{C193CB9E-4246-4511-9FDC-91559176A180}"
EndProject
Global
	GlobalSection(SolutionConfigurationPlatforms) = preSolution
		Debug|Any CPU = Debug|Any CPU
		Release|Any CPU = Release|Any CPU
	EndGlobalSection
	GlobalSection(ProjectConfigurationPlatforms) = postSolution
		{4A3DDECD-6647-43AF-B7D8-7A7F47A93126}.Debug|Any CPU.ActiveCfg = Debug|Any CPU
		{4A3DDECD-6647-43AF-B7D8-7A7F47A93126}.Debug|Any CPU.Build.0 = Debug|Any CPU
		{4A3DDECD-6647-43AF-B7D8-7A7F47A93126}.Release|Any CPU.ActiveCfg = Release|Any CPU
		{4A3DDECD-6647-43AF-B7D8-7A7F47A93126}.Release|Any CPU.Build.0 = Release|Any CPU
		{DCCD7AC8-FB39-4A79-9170-04F354CB80F9}.Debug|Any CPU.ActiveCfg = Debug|Any CPU
		{DCCD7AC8-FB39-4A79-9170-04F354CB80F9}.Debug|Any CPU.Build.0 = Debug|Any CPU
		{DCCD7AC8-FB39-4A79-9170-04F354CB80F9}.Release|Any CPU.ActiveCfg = Release|Any CPU
		{DCCD7AC8-FB39-4A79-9170-04F354CB80F9}.Release|Any CPU.Build.0 = Release|Any CPU
		{BEF38CB1-E0BA-400E-A3F3-57F6FDD3FA68}.Debug|Any CPU.ActiveCfg = Debug|Any CPU
		{BEF38CB1-E0BA-400E-A3F3-57F6FDD3FA68}.Debug|Any CPU.Build.0 = Debug|Any CPU
		{BEF38CB1-E0BA-400E-A3F3-57F6FDD3FA68}.Release|Any CPU.ActiveCfg = Release|Any CPU
		{BEF38CB1-E0BA-400E-A3F3-57F6FDD3FA68}.Release|Any CPU.Build.0 = Release|Any CPU
		{C193CB9E-4246-4511-9FDC-91559176A180}.Debug|Any CPU.ActiveCfg = Debug|Any CPU
		{C193CB9E-4246-4511-9FDC-91559176A180}.Debug|Any CPU.Build.0 = Debug|Any CPU
		{C193CB9E-4246-4511-9FDC-91559176A180}.Release|Any CPU.ActiveCfg = Release|Any CPU
		{C193CB9E-4246-4511-9FDC-91559176A180}.Release|Any CPU.Build.0 = Release|Any CPU
	EndGlobalSection
	GlobalSection(SolutionProperties) = preSolution
		HideSolutionNode = FALSE
	EndGlobalSection
	GlobalSection(ExtensibilityGlobals) = postSolution
		SolutionGuid = {A9C0CE7D-FFE4-4418-945B-6CED6F5C611E}
	EndGlobalSection
EndGlobal
