
Microsoft Visual Studio Solution File, Format Version 12.00
# Visual Studio Version 17
VisualStudioVersion = 17.14.36414.22 d17.14
MinimumVisualStudioVersion = 10.0.40219.1
Project("{FAE04EC0-301F-11D3-BF4B-00C04F79EFBC}") = "ObjectVSClass", "ObjectVSClass\ObjectVSClass.csproj", "{BA9F857A-5885-4361-8EAA-EABA02AB0E60}"
EndProject
Global
	GlobalSection(SolutionConfigurationPlatforms) = preSolution
		Debug|Any CPU = Debug|Any CPU
		Release|Any CPU = Release|Any CPU
	EndGlobalSection
	GlobalSection(ProjectConfigurationPlatforms) = postSolution
		{BA9F857A-5885-4361-8EAA-EABA02AB0E60}.Debug|Any CPU.ActiveCfg = Debug|Any CPU
		{BA9F857A-5885-4361-8EAA-EABA02AB0E60}.Debug|Any CPU.Build.0 = Debug|Any CPU
		{BA9F857A-5885-4361-8EAA-EABA02AB0E60}.Release|Any CPU.ActiveCfg = Release|Any CPU
		{BA9F857A-5885-4361-8EAA-EABA02AB0E60}.Release|Any CPU.Build.0 = Release|Any CPU
	EndGlobalSection
	GlobalSection(SolutionProperties) = preSolution
		HideSolutionNode = FALSE
	EndGlobalSection
	GlobalSection(ExtensibilityGlobals) = postSolution
		SolutionGuid = {AD5965D7-62A8-4332-B1A6-D853978BF40E}
	EndGlobalSection
EndGlobal
