
Microsoft Visual Studio Solution File, Format Version 12.00
# Visual Studio Version 17
VisualStudioVersion = 17.14.36414.22 d17.14
MinimumVisualStudioVersion = 10.0.40219.1
Project("{FAE04EC0-301F-11D3-BF4B-00C04F79EFBC}") = "Arrays", "Arrays\Arrays.csproj", "{02914900-B809-40EF-AB03-4E8286551DCB}"
EndProject
Global
	GlobalSection(SolutionConfigurationPlatforms) = preSolution
		Debug|Any CPU = Debug|Any CPU
		Release|Any CPU = Release|Any CPU
	EndGlobalSection
	GlobalSection(ProjectConfigurationPlatforms) = postSolution
		{02914900-B809-40EF-AB03-4E8286551DCB}.Debug|Any CPU.ActiveCfg = Debug|Any CPU
		{02914900-B809-40EF-AB03-4E8286551DCB}.Debug|Any CPU.Build.0 = Debug|Any CPU
		{02914900-B809-40EF-AB03-4E8286551DCB}.Release|Any CPU.ActiveCfg = Release|Any CPU
		{02914900-B809-40EF-AB03-4E8286551DCB}.Release|Any CPU.Build.0 = Release|Any CPU
	EndGlobalSection
	GlobalSection(SolutionProperties) = preSolution
		HideSolutionNode = FALSE
	EndGlobalSection
	GlobalSection(ExtensibilityGlobals) = postSolution
		SolutionGuid = {D5A6D0EB-DADD-4F2B-90D0-38B47E7A1F79}
	EndGlobalSection
EndGlobal
