
Microsoft Visual Studio Solution File, Format Version 12.00
# Visual Studio Version 17
VisualStudioVersion = 17.14.36414.22 d17.14
MinimumVisualStudioVersion = 10.0.40219.1
Project("{FAE04EC0-301F-11D3-BF4B-00C04F79EFBC}") = "ConditionSwitch", "ConditionSwitch\ConditionSwitch.csproj", "{C7C785BD-9D9A-425A-8B59-86FD94A36339}"
EndProject
Global
	GlobalSection(SolutionConfigurationPlatforms) = preSolution
		Debug|Any CPU = Debug|Any CPU
		Release|Any CPU = Release|Any CPU
	EndGlobalSection
	GlobalSection(ProjectConfigurationPlatforms) = postSolution
		{C7C785BD-9D9A-425A-8B59-86FD94A36339}.Debug|Any CPU.ActiveCfg = Debug|Any CPU
		{C7C785BD-9D9A-425A-8B59-86FD94A36339}.Debug|Any CPU.Build.0 = Debug|Any CPU
		{C7C785BD-9D9A-425A-8B59-86FD94A36339}.Release|Any CPU.ActiveCfg = Release|Any CPU
		{C7C785BD-9D9A-425A-8B59-86FD94A36339}.Release|Any CPU.Build.0 = Release|Any CPU
	EndGlobalSection
	GlobalSection(SolutionProperties) = preSolution
		HideSolutionNode = FALSE
	EndGlobalSection
	GlobalSection(ExtensibilityGlobals) = postSolution
		SolutionGuid = {759FD481-B2DC-488D-B8D1-2A497702AA98}
	EndGlobalSection
EndGlobal
